// !$*UTF8*$!
{
	archiveVersion = 1;
	classes = {
	};
	objectVersion = 46;
	objects = {

/* Begin PBXBuildFile section */
		5F0BC0BF170D40DE004D1329 /* UIKit.framework in Frameworks */ = {isa = PBXBuildFile; fileRef = 5F0BC0BE170D40DE004D1329 /* UIKit.framework */; };
		5F0BC0C1170D40DE004D1329 /* Foundation.framework in Frameworks */ = {isa = PBXBuildFile; fileRef = 5F0BC0C0170D40DE004D1329 /* Foundation.framework */; };
		5F0BC0C3170D40DE004D1329 /* CoreGraphics.framework in Frameworks */ = {isa = PBXBuildFile; fileRef = 5F0BC0C2170D40DE004D1329 /* CoreGraphics.framework */; };
		5F0BC0C9170D40DE004D1329 /* InfoPlist.strings in Resources */ = {isa = PBXBuildFile; fileRef = 5F0BC0C7170D40DE004D1329 /* InfoPlist.strings */; };
		5F0BC0CB170D40DE004D1329 /* main.m in Sources */ = {isa = PBXBuildFile; fileRef = 5F0BC0CA170D40DE004D1329 /* main.m */; };
		5F0BC0CF170D40DE004D1329 /* AppDelegate.m in Sources */ = {isa = PBXBuildFile; fileRef = 5F0BC0CE170D40DE004D1329 /* AppDelegate.m */; };
		5F0BC0D1170D40DE004D1329 /* Default.png in Resources */ = {isa = PBXBuildFile; fileRef = 5F0BC0D0170D40DE004D1329 /* Default.png */; };
		5F0BC0D3170D40DE004D1329 /* Default@2x.png in Resources */ = {isa = PBXBuildFile; fileRef = 5F0BC0D2170D40DE004D1329 /* Default@2x.png */; };
		5F0BC0D5170D40DE004D1329 /* Default-568h@2x.png in Resources */ = {isa = PBXBuildFile; fileRef = 5F0BC0D4170D40DE004D1329 /* Default-568h@2x.png */; };
		5F0BC0D8170D40DE004D1329 /* MainStoryboard.storyboard in Resources */ = {isa = PBXBuildFile; fileRef = 5F0BC0D6170D40DE004D1329 /* MainStoryboard.storyboard */; };
		5F0BC0DD170D40DE004D1329 /* first.png in Resources */ = {isa = PBXBuildFile; fileRef = 5F0BC0DC170D40DE004D1329 /* first.png */; };
		5F0BC0DF170D40DE004D1329 /* first@2x.png in Resources */ = {isa = PBXBuildFile; fileRef = 5F0BC0DE170D40DE004D1329 /* first@2x.png */; };
		5F0BC0E4170D40DE004D1329 /* second.png in Resources */ = {isa = PBXBuildFile; fileRef = 5F0BC0E3170D40DE004D1329 /* second.png */; };
		5F0BC0E6170D40DE004D1329 /* second@2x.png in Resources */ = {isa = PBXBuildFile; fileRef = 5F0BC0E5170D40DE004D1329 /* second@2x.png */; };
		5F0BC0EE170D40DE004D1329 /* SenTestingKit.framework in Frameworks */ = {isa = PBXBuildFile; fileRef = 5F0BC0ED170D40DE004D1329 /* SenTestingKit.framework */; };
		5F0BC0EF170D40DE004D1329 /* UIKit.framework in Frameworks */ = {isa = PBXBuildFile; fileRef = 5F0BC0BE170D40DE004D1329 /* UIKit.framework */; };
		5F0BC0F0170D40DE004D1329 /* Foundation.framework in Frameworks */ = {isa = PBXBuildFile; fileRef = 5F0BC0C0170D40DE004D1329 /* Foundation.framework */; };
		5F0BC0F8170D40DE004D1329 /* InfoPlist.strings in Resources */ = {isa = PBXBuildFile; fileRef = 5F0BC0F6170D40DE004D1329 /* InfoPlist.strings */; };
		5F0BC0FB170D40DE004D1329 /* emptyTests.m in Sources */ = {isa = PBXBuildFile; fileRef = 5F0BC0FA170D40DE004D1329 /* emptyTests.m */; };
		5F60D646172E979A001ACAB4 /* MonthViewController.m in Sources */ = {isa = PBXBuildFile; fileRef = 5F60D645172E979A001ACAB4 /* MonthViewController.m */; };
		5F60D64C172EBF7F001ACAB4 /* MonthDayView.m in Sources */ = {isa = PBXBuildFile; fileRef = 5F60D64B172EBF7F001ACAB4 /* MonthDayView.m */; };
		5F6A767D1738967D00165766 /* Main_Top_Left.png in Resources */ = {isa = PBXBuildFile; fileRef = 5F6A767C1738967D00165766 /* Main_Top_Left.png */; };
		5F96E0B4171BBC2800705503 /* ScrollViewController.m in Sources */ = {isa = PBXBuildFile; fileRef = 5F96E0B3171BBC2800705503 /* ScrollViewController.m */; };
		5FA6205F1713EFB900AF294A /* TableViewController.m in Sources */ = {isa = PBXBuildFile; fileRef = 5FA6205E1713EFB900AF294A /* TableViewController.m */; };
		5FA620621713F06500AF294A /* DataBase.m in Sources */ = {isa = PBXBuildFile; fileRef = 5FA620611713F06500AF294A /* DataBase.m */; };
		5FA6206E1713F67600AF294A /* DayViewController.m in Sources */ = {isa = PBXBuildFile; fileRef = 5FA6206D1713F67600AF294A /* DayViewController.m */; };
		5FE92C57171652A400CD2C2B /* ScrollView.m in Sources */ = {isa = PBXBuildFile; fileRef = 5FE92C56171652A400CD2C2B /* ScrollView.m */; };
		5FFEBB1E171D29D5001B3024 /* WeekViewController.m in Sources */ = {isa = PBXBuildFile; fileRef = 5FFEBB1D171D29D5001B3024 /* WeekViewController.m */; };
/* End PBXBuildFile section */

/* Begin PBXContainerItemProxy section */
		5F0BC0F1170D40DE004D1329 /* PBXContainerItemProxy */ = {
			isa = PBXContainerItemProxy;
			containerPortal = 5F0BC0B3170D40DD004D1329 /* Project object */;
			proxyType = 1;
			remoteGlobalIDString = 5F0BC0BA170D40DE004D1329;
			remoteInfo = empty;
		};
/* End PBXContainerItemProxy section */

/* Begin PBXFileReference section */
		5F0BC0BB170D40DE004D1329 /* empty.app */ = {isa = PBXFileReference; explicitFileType = wrapper.application; includeInIndex = 0; path = empty.app; sourceTree = BUILT_PRODUCTS_DIR; };
		5F0BC0BE170D40DE004D1329 /* UIKit.framework */ = {isa = PBXFileReference; lastKnownFileType = wrapper.framework; name = UIKit.framework; path = System/Library/Frameworks/UIKit.framework; sourceTree = SDKROOT; };
		5F0BC0C0170D40DE004D1329 /* Foundation.framework */ = {isa = PBXFileReference; lastKnownFileType = wrapper.framework; name = Foundation.framework; path = System/Library/Frameworks/Foundation.framework; sourceTree = SDKROOT; };
		5F0BC0C2170D40DE004D1329 /* CoreGraphics.framework */ = {isa = PBXFileReference; lastKnownFileType = wrapper.framework; name = CoreGraphics.framework; path = System/Library/Frameworks/CoreGraphics.framework; sourceTree = SDKROOT; };
		5F0BC0C6170D40DE004D1329 /* empty-Info.plist */ = {isa = PBXFileReference; lastKnownFileType = text.plist.xml; path = "empty-Info.plist"; sourceTree = "<group>"; };
		5F0BC0C8170D40DE004D1329 /* en */ = {isa = PBXFileReference; lastKnownFileType = text.plist.strings; name = en; path = en.lproj/InfoPlist.strings; sourceTree = "<group>"; };
		5F0BC0CA170D40DE004D1329 /* main.m */ = {isa = PBXFileReference; lastKnownFileType = sourcecode.c.objc; path = main.m; sourceTree = "<group>"; };
		5F0BC0CC170D40DE004D1329 /* empty-Prefix.pch */ = {isa = PBXFileReference; lastKnownFileType = sourcecode.c.h; path = "empty-Prefix.pch"; sourceTree = "<group>"; };
		5F0BC0CD170D40DE004D1329 /* AppDelegate.h */ = {isa = PBXFileReference; lastKnownFileType = sourcecode.c.h; path = AppDelegate.h; sourceTree = "<group>"; };
		5F0BC0CE170D40DE004D1329 /* AppDelegate.m */ = {isa = PBXFileReference; lastKnownFileType = sourcecode.c.objc; path = AppDelegate.m; sourceTree = "<group>"; };
		5F0BC0D0170D40DE004D1329 /* Default.png */ = {isa = PBXFileReference; lastKnownFileType = image.png; path = Default.png; sourceTree = "<group>"; };
		5F0BC0D2170D40DE004D1329 /* Default@2x.png */ = {isa = PBXFileReference; lastKnownFileType = image.png; path = "Default@2x.png"; sourceTree = "<group>"; };
		5F0BC0D4170D40DE004D1329 /* Default-568h@2x.png */ = {isa = PBXFileReference; lastKnownFileType = image.png; path = "Default-568h@2x.png"; sourceTree = "<group>"; };
		5F0BC0D7170D40DE004D1329 /* en */ = {isa = PBXFileReference; lastKnownFileType = file.storyboard; name = en; path = en.lproj/MainStoryboard.storyboard; sourceTree = "<group>"; };
		5F0BC0DC170D40DE004D1329 /* first.png */ = {isa = PBXFileReference; lastKnownFileType = image.png; path = first.png; sourceTree = "<group>"; };
		5F0BC0DE170D40DE004D1329 /* first@2x.png */ = {isa = PBXFileReference; lastKnownFileType = image.png; path = "first@2x.png"; sourceTree = "<group>"; };
		5F0BC0E3170D40DE004D1329 /* second.png */ = {isa = PBXFileReference; lastKnownFileType = image.png; path = second.png; sourceTree = "<group>"; };
		5F0BC0E5170D40DE004D1329 /* second@2x.png */ = {isa = PBXFileReference; lastKnownFileType = image.png; path = "second@2x.png"; sourceTree = "<group>"; };
		5F0BC0EC170D40DE004D1329 /* emptyTests.octest */ = {isa = PBXFileReference; explicitFileType = wrapper.cfbundle; includeInIndex = 0; path = emptyTests.octest; sourceTree = BUILT_PRODUCTS_DIR; };
		5F0BC0ED170D40DE004D1329 /* SenTestingKit.framework */ = {isa = PBXFileReference; lastKnownFileType = wrapper.framework; name = SenTestingKit.framework; path = Library/Frameworks/SenTestingKit.framework; sourceTree = DEVELOPER_DIR; };
		5F0BC0F5170D40DE004D1329 /* emptyTests-Info.plist */ = {isa = PBXFileReference; lastKnownFileType = text.plist.xml; path = "emptyTests-Info.plist"; sourceTree = "<group>"; };
		5F0BC0F7170D40DE004D1329 /* en */ = {isa = PBXFileReference; lastKnownFileType = text.plist.strings; name = en; path = en.lproj/InfoPlist.strings; sourceTree = "<group>"; };
		5F0BC0F9170D40DE004D1329 /* emptyTests.h */ = {isa = PBXFileReference; lastKnownFileType = sourcecode.c.h; path = emptyTests.h; sourceTree = "<group>"; };
		5F0BC0FA170D40DE004D1329 /* emptyTests.m */ = {isa = PBXFileReference; lastKnownFileType = sourcecode.c.objc; path = emptyTests.m; sourceTree = "<group>"; };
		5F60D644172E979A001ACAB4 /* MonthViewController.h */ = {isa = PBXFileReference; fileEncoding = 4; lastKnownFileType = sourcecode.c.h; path = MonthViewController.h; sourceTree = "<group>"; };
		5F60D645172E979A001ACAB4 /* MonthViewController.m */ = {isa = PBXFileReference; fileEncoding = 4; lastKnownFileType = sourcecode.c.objc; path = MonthViewController.m; sourceTree = "<group>"; };
		5F60D64A172EBF7F001ACAB4 /* MonthDayView.h */ = {isa = PBXFileReference; fileEncoding = 4; lastKnownFileType = sourcecode.c.h; path = MonthDayView.h; sourceTree = "<group>"; };
		5F60D64B172EBF7F001ACAB4 /* MonthDayView.m */ = {isa = PBXFileReference; fileEncoding = 4; lastKnownFileType = sourcecode.c.objc; path = MonthDayView.m; sourceTree = "<group>"; };
		5F6A767C1738967D00165766 /* Main_Top_Left.png */ = {isa = PBXFileReference; lastKnownFileType = image.png; path = Main_Top_Left.png; sourceTree = "<group>"; };
		5F96E0B2171BBC2800705503 /* ScrollViewController.h */ = {isa = PBXFileReference; fileEncoding = 4; lastKnownFileType = sourcecode.c.h; path = ScrollViewController.h; sourceTree = "<group>"; };
		5F96E0B3171BBC2800705503 /* ScrollViewController.m */ = {isa = PBXFileReference; fileEncoding = 4; lastKnownFileType = sourcecode.c.objc; path = ScrollViewController.m; sourceTree = "<group>"; };
		5FA6205D1713EFB900AF294A /* TableViewController.h */ = {isa = PBXFileReference; fileEncoding = 4; lastKnownFileType = sourcecode.c.h; path = TableViewController.h; sourceTree = "<group>"; };
		5FA6205E1713EFB900AF294A /* TableViewController.m */ = {isa = PBXFileReference; fileEncoding = 4; lastKnownFileType = sourcecode.c.objc; path = TableViewController.m; sourceTree = "<group>"; };
		5FA620601713F06500AF294A /* DataBase.h */ = {isa = PBXFileReference; fileEncoding = 4; lastKnownFileType = sourcecode.c.h; path = DataBase.h; sourceTree = "<group>"; };
		5FA620611713F06500AF294A /* DataBase.m */ = {isa = PBXFileReference; fileEncoding = 4; lastKnownFileType = sourcecode.c.objc; path = DataBase.m; sourceTree = "<group>"; };
		5FA6206C1713F67600AF294A /* DayViewController.h */ = {isa = PBXFileReference; fileEncoding = 4; lastKnownFileType = sourcecode.c.h; path = DayViewController.h; sourceTree = "<group>"; };
		5FA6206D1713F67600AF294A /* DayViewController.m */ = {isa = PBXFileReference; fileEncoding = 4; lastKnownFileType = sourcecode.c.objc; path = DayViewController.m; sourceTree = "<group>"; };
		5FE92C55171652A400CD2C2B /* ScrollView.h */ = {isa = PBXFileReference; fileEncoding = 4; lastKnownFileType = sourcecode.c.h; path = ScrollView.h; sourceTree = "<group>"; };
		5FE92C56171652A400CD2C2B /* ScrollView.m */ = {isa = PBXFileReference; fileEncoding = 4; lastKnownFileType = sourcecode.c.objc; path = ScrollView.m; sourceTree = "<group>"; };
		5FFEBB1C171D29D5001B3024 /* WeekViewController.h */ = {isa = PBXFileReference; fileEncoding = 4; lastKnownFileType = sourcecode.c.h; path = WeekViewController.h; sourceTree = "<group>"; };
		5FFEBB1D171D29D5001B3024 /* WeekViewController.m */ = {isa = PBXFileReference; fileEncoding = 4; lastKnownFileType = sourcecode.c.objc; path = WeekViewController.m; sourceTree = "<group>"; };
/* End PBXFileReference section */

/* Begin PBXFrameworksBuildPhase section */
		5F0BC0B8170D40DE004D1329 /* Frameworks */ = {
			isa = PBXFrameworksBuildPhase;
			buildActionMask = 2147483647;
			files = (
				5F0BC0BF170D40DE004D1329 /* UIKit.framework in Frameworks */,
				5F0BC0C1170D40DE004D1329 /* Foundation.framework in Frameworks */,
				5F0BC0C3170D40DE004D1329 /* CoreGraphics.framework in Frameworks */,
			);
			runOnlyForDeploymentPostprocessing = 0;
		};
		5F0BC0E8170D40DE004D1329 /* Frameworks */ = {
			isa = PBXFrameworksBuildPhase;
			buildActionMask = 2147483647;
			files = (
				5F0BC0EE170D40DE004D1329 /* SenTestingKit.framework in Frameworks */,
				5F0BC0EF170D40DE004D1329 /* UIKit.framework in Frameworks */,
				5F0BC0F0170D40DE004D1329 /* Foundation.framework in Frameworks */,
			);
			runOnlyForDeploymentPostprocessing = 0;
		};
/* End PBXFrameworksBuildPhase section */

/* Begin PBXGroup section */
		5F0BC0B2170D40DD004D1329 = {
			isa = PBXGroup;
			children = (
				5F0BC0C4170D40DE004D1329 /* empty */,
				5F0BC0F3170D40DE004D1329 /* emptyTests */,
				5F0BC0BD170D40DE004D1329 /* Frameworks */,
				5F0BC0BC170D40DE004D1329 /* Products */,
			);
			sourceTree = "<group>";
		};
		5F0BC0BC170D40DE004D1329 /* Products */ = {
			isa = PBXGroup;
			children = (
				5F0BC0BB170D40DE004D1329 /* empty.app */,
				5F0BC0EC170D40DE004D1329 /* emptyTests.octest */,
			);
			name = Products;
			sourceTree = "<group>";
		};
		5F0BC0BD170D40DE004D1329 /* Frameworks */ = {
			isa = PBXGroup;
			children = (
				5F0BC0BE170D40DE004D1329 /* UIKit.framework */,
				5F0BC0C0170D40DE004D1329 /* Foundation.framework */,
				5F0BC0C2170D40DE004D1329 /* CoreGraphics.framework */,
				5F0BC0ED170D40DE004D1329 /* SenTestingKit.framework */,
			);
			name = Frameworks;
			sourceTree = "<group>";
		};
		5F0BC0C4170D40DE004D1329 /* empty */ = {
			isa = PBXGroup;
			children = (
				5F6A767B1738966900165766 /* MainMenu */,
				5F6A767A1738934000165766 /* UnitComponent */,
				5FA620601713F06500AF294A /* DataBase.h */,
				5FA620611713F06500AF294A /* DataBase.m */,
				5F0BC0D6170D40DE004D1329 /* MainStoryboard.storyboard */,
				5F0BC0DC170D40DE004D1329 /* first.png */,
				5F0BC0DE170D40DE004D1329 /* first@2x.png */,
				5F0BC0CD170D40DE004D1329 /* AppDelegate.h */,
				5F0BC0CE170D40DE004D1329 /* AppDelegate.m */,
				5F0BC0E3170D40DE004D1329 /* second.png */,
				5F0BC0E5170D40DE004D1329 /* second@2x.png */,
				5F0BC0C5170D40DE004D1329 /* Supporting Files */,
			);
			path = empty;
			sourceTree = "<group>";
		};
		5F0BC0C5170D40DE004D1329 /* Supporting Files */ = {
			isa = PBXGroup;
			children = (
				5F0BC0C6170D40DE004D1329 /* empty-Info.plist */,
				5F0BC0C7170D40DE004D1329 /* InfoPlist.strings */,
				5F0BC0CA170D40DE004D1329 /* main.m */,
				5F0BC0CC170D40DE004D1329 /* empty-Prefix.pch */,
				5F0BC0D0170D40DE004D1329 /* Default.png */,
				5F0BC0D2170D40DE004D1329 /* Default@2x.png */,
				5F0BC0D4170D40DE004D1329 /* Default-568h@2x.png */,
			);
			name = "Supporting Files";
			sourceTree = "<group>";
		};
		5F0BC0F3170D40DE004D1329 /* emptyTests */ = {
			isa = PBXGroup;
			children = (
				5F0BC0F9170D40DE004D1329 /* emptyTests.h */,
				5F0BC0FA170D40DE004D1329 /* emptyTests.m */,
				5F0BC0F4170D40DE004D1329 /* Supporting Files */,
			);
			path = emptyTests;
			sourceTree = "<group>";
		};
		5F0BC0F4170D40DE004D1329 /* Supporting Files */ = {
			isa = PBXGroup;
			children = (
				5F0BC0F5170D40DE004D1329 /* emptyTests-Info.plist */,
				5F0BC0F6170D40DE004D1329 /* InfoPlist.strings */,
			);
			name = "Supporting Files";
			sourceTree = "<group>";
		};
		5F6A767A1738934000165766 /* UnitComponent */ = {
			isa = PBXGroup;
			children = (
				5F60D64A172EBF7F001ACAB4 /* MonthDayView.h */,
				5F60D64B172EBF7F001ACAB4 /* MonthDayView.m */,
				5F60D644172E979A001ACAB4 /* MonthViewController.h */,
				5F60D645172E979A001ACAB4 /* MonthViewController.m */,
				5FA6206C1713F67600AF294A /* DayViewController.h */,
				5FA6206D1713F67600AF294A /* DayViewController.m */,
				5FFEBB1C171D29D5001B3024 /* WeekViewController.h */,
				5FFEBB1D171D29D5001B3024 /* WeekViewController.m */,
				5FA6205D1713EFB900AF294A /* TableViewController.h */,
				5FA6205E1713EFB900AF294A /* TableViewController.m */,
				5F96E0B2171BBC2800705503 /* ScrollViewController.h */,
				5F96E0B3171BBC2800705503 /* ScrollViewController.m */,
				5FE92C55171652A400CD2C2B /* ScrollView.h */,
				5FE92C56171652A400CD2C2B /* ScrollView.m */,
			);
			name = UnitComponent;
			sourceTree = "<group>";
		};
		5F6A767B1738966900165766 /* MainMenu */ = {
			isa = PBXGroup;
			children = (
				5F6A767C1738967D00165766 /* Main_Top_Left.png */,
			);
			name = MainMenu;
			sourceTree = "<group>";
		};
/* End PBXGroup section */

/* Begin PBXNativeTarget section */
		5F0BC0BA170D40DE004D1329 /* empty */ = {
			isa = PBXNativeTarget;
			buildConfigurationList = 5F0BC0FE170D40DE004D1329 /* Build configuration list for PBXNativeTarget "empty" */;
			buildPhases = (
				5F0BC0B7170D40DE004D1329 /* Sources */,
				5F0BC0B8170D40DE004D1329 /* Frameworks */,
				5F0BC0B9170D40DE004D1329 /* Resources */,
			);
			buildRules = (
			);
			dependencies = (
			);
			name = empty;
			productName = empty;
			productReference = 5F0BC0BB170D40DE004D1329 /* empty.app */;
			productType = "com.apple.product-type.application";
		};
		5F0BC0EB170D40DE004D1329 /* emptyTests */ = {
			isa = PBXNativeTarget;
			buildConfigurationList = 5F0BC101170D40DE004D1329 /* Build configuration list for PBXNativeTarget "emptyTests" */;
			buildPhases = (
				5F0BC0E7170D40DE004D1329 /* Sources */,
				5F0BC0E8170D40DE004D1329 /* Frameworks */,
				5F0BC0E9170D40DE004D1329 /* Resources */,
				5F0BC0EA170D40DE004D1329 /* ShellScript */,
			);
			buildRules = (
			);
			dependencies = (
				5F0BC0F2170D40DE004D1329 /* PBXTargetDependency */,
			);
			name = emptyTests;
			productName = emptyTests;
			productReference = 5F0BC0EC170D40DE004D1329 /* emptyTests.octest */;
			productType = "com.apple.product-type.bundle";
		};
/* End PBXNativeTarget section */

/* Begin PBXProject section */
		5F0BC0B3170D40DD004D1329 /* Project object */ = {
			isa = PBXProject;
			attributes = {
				LastUpgradeCheck = 0460;
				ORGANIZATIONNAME = echo;
			};
			buildConfigurationList = 5F0BC0B6170D40DD004D1329 /* Build configuration list for PBXProject "empty" */;
			compatibilityVersion = "Xcode 3.2";
			developmentRegion = English;
			hasScannedForEncodings = 0;
			knownRegions = (
				en,
			);
			mainGroup = 5F0BC0B2170D40DD004D1329;
			productRefGroup = 5F0BC0BC170D40DE004D1329 /* Products */;
			projectDirPath = "";
			projectRoot = "";
			targets = (
				5F0BC0BA170D40DE004D1329 /* empty */,
				5F0BC0EB170D40DE004D1329 /* emptyTests */,
			);
		};
/* End PBXProject section */

/* Begin PBXResourcesBuildPhase section */
		5F0BC0B9170D40DE004D1329 /* Resources */ = {
			isa = PBXResourcesBuildPhase;
			buildActionMask = 2147483647;
			files = (
				5F0BC0C9170D40DE004D1329 /* InfoPlist.strings in Resources */,
				5F0BC0D1170D40DE004D1329 /* Default.png in Resources */,
				5F0BC0D3170D40DE004D1329 /* Default@2x.png in Resources */,
				5F0BC0D5170D40DE004D1329 /* Default-568h@2x.png in Resources */,
				5F0BC0D8170D40DE004D1329 /* MainStoryboard.storyboard in Resources */,
				5F0BC0DD170D40DE004D1329 /* first.png in Resources */,
				5F0BC0DF170D40DE004D1329 /* first@2x.png in Resources */,
				5F0BC0E4170D40DE004D1329 /* second.png in Resources */,
				5F0BC0E6170D40DE004D1329 /* second@2x.png in Resources */,
				5F6A767D1738967D00165766 /* Main_Top_Left.png in Resources */,
			);
			runOnlyForDeploymentPostprocessing = 0;
		};
		5F0BC0E9170D40DE004D1329 /* Resources */ = {
			isa = PBXResourcesBuildPhase;
			buildActionMask = 2147483647;
			files = (
				5F0BC0F8170D40DE004D1329 /* InfoPlist.strings in Resources */,
			);
			runOnlyForDeploymentPostprocessing = 0;
		};
/* End PBXResourcesBuildPhase section */

/* Begin PBXShellScriptBuildPhase section */
		5F0BC0EA170D40DE004D1329 /* ShellScript */ = {
			isa = PBXShellScriptBuildPhase;
			buildActionMask = 2147483647;
			files = (
			);
			inputPaths = (
			);
			outputPaths = (
			);
			runOnlyForDeploymentPostprocessing = 0;
			shellPath = /bin/sh;
			shellScript = "# Run the unit tests in this test bundle.\n\"${SYSTEM_DEVELOPER_DIR}/Tools/RunUnitTests\"\n";
		};
/* End PBXShellScriptBuildPhase section */

/* Begin PBXSourcesBuildPhase section */
		5F0BC0B7170D40DE004D1329 /* Sources */ = {
			isa = PBXSourcesBuildPhase;
			buildActionMask = 2147483647;
			files = (
				5F0BC0CB170D40DE004D1329 /* main.m in Sources */,
				5F0BC0CF170D40DE004D1329 /* AppDelegate.m in Sources */,
				5FA6205F1713EFB900AF294A /* TableViewController.m in Sources */,
				5FA620621713F06500AF294A /* DataBase.m in Sources */,
				5FA6206E1713F67600AF294A /* DayViewController.m in Sources */,
				5FE92C57171652A400CD2C2B /* ScrollView.m in Sources */,
				5F96E0B4171BBC2800705503 /* ScrollViewController.m in Sources */,
				5FFEBB1E171D29D5001B3024 /* WeekViewController.m in Sources */,
				5F60D646172E979A001ACAB4 /* MonthViewController.m in Sources */,
				5F60D64C172EBF7F001ACAB4 /* MonthDayView.m in Sources */,
			);
			runOnlyForDeploymentPostprocessing = 0;
		};
		5F0BC0E7170D40DE004D1329 /* Sources */ = {
			isa = PBXSourcesBuildPhase;
			buildActionMask = 2147483647;
			files = (
				5F0BC0FB170D40DE004D1329 /* emptyTests.m in Sources */,
			);
			runOnlyForDeploymentPostprocessing = 0;
		};
/* End PBXSourcesBuildPhase section */

/* Begin PBXTargetDependency section */
		5F0BC0F2170D40DE004D1329 /* PBXTargetDependency */ = {
			isa = PBXTargetDependency;
			target = 5F0BC0BA170D40DE004D1329 /* empty */;
			targetProxy = 5F0BC0F1170D40DE004D1329 /* PBXContainerItemProxy */;
		};
/* End PBXTargetDependency section */

/* Begin PBXVariantGroup section */
		5F0BC0C7170D40DE004D1329 /* InfoPlist.strings */ = {
			isa = PBXVariantGroup;
			children = (
				5F0BC0C8170D40DE004D1329 /* en */,
			);
			name = InfoPlist.strings;
			sourceTree = "<group>";
		};
		5F0BC0D6170D40DE004D1329 /* MainStoryboard.storyboard */ = {
			isa = PBXVariantGroup;
			children = (
				5F0BC0D7170D40DE004D1329 /* en */,
			);
			name = MainStoryboard.storyboard;
			sourceTree = "<group>";
		};
		5F0BC0F6170D40DE004D1329 /* InfoPlist.strings */ = {
			isa = PBXVariantGroup;
			children = (
				5F0BC0F7170D40DE004D1329 /* en */,
			);
			name = InfoPlist.strings;
			sourceTree = "<group>";
		};
/* End PBXVariantGroup section */

/* Begin XCBuildConfiguration section */
		5F0BC0FC170D40DE004D1329 /* Debug */ = {
			isa = XCBuildConfiguration;
			buildSettings = {
				ALWAYS_SEARCH_USER_PATHS = NO;
				CLANG_CXX_LANGUAGE_STANDARD = "gnu++0x";
				CLANG_CXX_LIBRARY = "libc++";
				CLANG_ENABLE_OBJC_ARC = YES;
				CLANG_WARN_CONSTANT_CONVERSION = YES;
				CLANG_WARN_EMPTY_BODY = YES;
				CLANG_WARN_ENUM_CONVERSION = YES;
				CLANG_WARN_INT_CONVERSION = YES;
				CLANG_WARN__DUPLICATE_METHOD_MATCH = YES;
				"CODE_SIGN_IDENTITY[sdk=iphoneos*]" = "iPhone Developer";
				COPY_PHASE_STRIP = NO;
				GCC_C_LANGUAGE_STANDARD = gnu99;
				GCC_DYNAMIC_NO_PIC = NO;
				GCC_OPTIMIZATION_LEVEL = 0;
				GCC_PREPROCESSOR_DEFINITIONS = (
					"DEBUG=1",
					"$(inherited)",
				);
				GCC_SYMBOLS_PRIVATE_EXTERN = NO;
				GCC_WARN_ABOUT_RETURN_TYPE = YES;
				GCC_WARN_UNINITIALIZED_AUTOS = YES;
				GCC_WARN_UNUSED_VARIABLE = YES;
				IPHONEOS_DEPLOYMENT_TARGET = 6.1;
				ONLY_ACTIVE_ARCH = YES;
				SDKROOT = iphoneos;
			};
			name = Debug;
		};
		5F0BC0FD170D40DE004D1329 /* Release */ = {
			isa = XCBuildConfiguration;
			buildSettings = {
				ALWAYS_SEARCH_USER_PATHS = NO;
				CLANG_CXX_LANGUAGE_STANDARD = "gnu++0x";
				CLANG_CXX_LIBRARY = "libc++";
				CLANG_ENABLE_OBJC_ARC = YES;
				CLANG_WARN_CONSTANT_CONVERSION = YES;
				CLANG_WARN_EMPTY_BODY = YES;
				CLANG_WARN_ENUM_CONVERSION = YES;
				CLANG_WARN_INT_CONVERSION = YES;
				CLANG_WARN__DUPLICATE_METHOD_MATCH = YES;
				"CODE_SIGN_IDENTITY[sdk=iphoneos*]" = "iPhone Developer";
				COPY_PHASE_STRIP = YES;
				GCC_C_LANGUAGE_STANDARD = gnu99;
				GCC_WARN_ABOUT_RETURN_TYPE = YES;
				GCC_WARN_UNINITIALIZED_AUTOS = YES;
				GCC_WARN_UNUSED_VARIABLE = YES;
				IPHONEOS_DEPLOYMENT_TARGET = 6.1;
				OTHER_CFLAGS = "-DNS_BLOCK_ASSERTIONS=1";
				SDKROOT = iphoneos;
				VALIDATE_PRODUCT = YES;
			};
			name = Release;
		};
		5F0BC0FF170D40DE004D1329 /* Debug */ = {
			isa = XCBuildConfiguration;
			buildSettings = {
				GCC_PRECOMPILE_PREFIX_HEADER = YES;
				GCC_PREFIX_HEADER = "empty/empty-Prefix.pch";
				INFOPLIST_FILE = "empty/empty-Info.plist";
				PRODUCT_NAME = "$(TARGET_NAME)";
				WRAPPER_EXTENSION = app;
			};
			name = Debug;
		};
		5F0BC100170D40DE004D1329 /* Release */ = {
			isa = XCBuildConfiguration;
			buildSettings = {
				GCC_PRECOMPILE_PREFIX_HEADER = YES;
				GCC_PREFIX_HEADER = "empty/empty-Prefix.pch";
				INFOPLIST_FILE = "empty/empty-Info.plist";
				PRODUCT_NAME = "$(TARGET_NAME)";
				WRAPPER_EXTENSION = app;
			};
			name = Release;
		};
		5F0BC102170D40DE004D1329 /* Debug */ = {
			isa = XCBuildConfiguration;
			buildSettings = {
				BUNDLE_LOADER = "$(BUILT_PRODUCTS_DIR)/empty.app/empty";
				FRAMEWORK_SEARCH_PATHS = (
					"\"$(SDKROOT)/Developer/Library/Frameworks\"",
					"\"$(DEVELOPER_LIBRARY_DIR)/Frameworks\"",
				);
				GCC_PRECOMPILE_PREFIX_HEADER = YES;
				GCC_PREFIX_HEADER = "empty/empty-Prefix.pch";
				INFOPLIST_FILE = "emptyTests/emptyTests-Info.plist";
				PRODUCT_NAME = "$(TARGET_NAME)";
				TEST_HOST = "$(BUNDLE_LOADER)";
				WRAPPER_EXTENSION = octest;
			};
			name = Debug;
		};
		5F0BC103170D40DE004D1329 /* Release */ = {
			isa = XCBuildConfiguration;
			buildSettings = {
				BUNDLE_LOADER = "$(BUILT_PRODUCTS_DIR)/empty.app/empty";
				FRAMEWORK_SEARCH_PATHS = (
					"\"$(SDKROOT)/Developer/Library/Frameworks\"",
					"\"$(DEVELOPER_LIBRARY_DIR)/Frameworks\"",
				);
				GCC_PRECOMPILE_PREFIX_HEADER = YES;
				GCC_PREFIX_HEADER = "empty/empty-Prefix.pch";
				INFOPLIST_FILE = "emptyTests/emptyTests-Info.plist";
				PRODUCT_NAME = "$(TARGET_NAME)";
				TEST_HOST = "$(BUNDLE_LOADER)";
				WRAPPER_EXTENSION = octest;
			};
			name = Release;
		};
/* End XCBuildConfiguration section */

/* Begin XCConfigurationList section */
		5F0BC0B6170D40DD004D1329 /* Build configuration list for PBXProject "empty" */ = {
			isa = XCConfigurationList;
			buildConfigurations = (
				5F0BC0FC170D40DE004D1329 /* Debug */,
				5F0BC0FD170D40DE004D1329 /* Release */,
			);
			defaultConfigurationIsVisible = 0;
			defaultConfigurationName = Release;
		};
		5F0BC0FE170D40DE004D1329 /* Build configuration list for PBXNativeTarget "empty" */ = {
			isa = XCConfigurationList;
			buildConfigurations = (
				5F0BC0FF170D40DE004D1329 /* Debug */,
				5F0BC100170D40DE004D1329 /* Release */,
			);
			defaultConfigurationIsVisible = 0;
			defaultConfigurationName = Release;
		};
		5F0BC101170D40DE004D1329 /* Build configuration list for PBXNativeTarget "emptyTests" */ = {
			isa = XCConfigurationList;
			buildConfigurations = (
				5F0BC102170D40DE004D1329 /* Debug */,
				5F0BC103170D40DE004D1329 /* Release */,
			);
			defaultConfigurationIsVisible = 0;
			defaultConfigurationName = Release;
		};
/* End XCConfigurationList section */
	};
	rootObject = 5F0BC0B3170D40DD004D1329 /* Project object */;
}
